
Microsoft Visual Studio Solution File, Format Version 12.00
# Visual Studio Version 17
VisualStudioVersion = 17.7.34031.279
MinimumVisualStudioVersion = 10.0.40219.1
Project("{FAE04EC0-301F-11D3-BF4B-00C04F79EFBC}") = "ListasDatosSimples", "ListasDatosSimples.csproj", "{2ABE1837-2427-47EB-83E2-4E51C21FF99B}"
EndProject
Global
	GlobalSection(SolutionConfigurationPlatforms) = preSolution
		Debug|Any CPU = Debug|Any CPU
		Release|Any CPU = Release|Any CPU
	EndGlobalSection
	GlobalSection(ProjectConfigurationPlatforms) = postSolution
		{2ABE1837-2427-47EB-83E2-4E51C21FF99B}.Debug|Any CPU.ActiveCfg = Debug|Any CPU
		{2ABE1837-2427-47EB-83E2-4E51C21FF99B}.Debug|Any CPU.Build.0 = Debug|Any CPU
		{2ABE1837-2427-47EB-83E2-4E51C21FF99B}.Release|Any CPU.ActiveCfg = Release|Any CPU
		{2ABE1837-2427-47EB-83E2-4E51C21FF99B}.Release|Any CPU.Build.0 = Release|Any CPU
	EndGlobalSection
	GlobalSection(SolutionProperties) = preSolution
		HideSolutionNode = FALSE
	EndGlobalSection
	GlobalSection(ExtensibilityGlobals) = postSolution
		SolutionGuid = {46D0A2DE-084A-4251-8720-83EA104D9A5F}
	EndGlobalSection
EndGlobal
